Microsoft Visual Studio Solution File, Format Version 12.00
# Visual Studio Version 17
VisualStudioVersion = 17.5.2.0
MinimumVisualStudioVersion = 10.0.40219.1
Project("{FAE04EC0-301F-11D3-BF4B-00C04F79EFBC}") = "MeetingRoomBookingAPI", "MeetingRoomBookingAPI.csproj", "{9B809126-702B-25FA-6D93-B1F3C51258ED}"
EndProject
Global
	GlobalSection(SolutionConfigurationPlatforms) = preSolution
		Debug|Any CPU = Debug|Any CPU
		Release|Any CPU = Release|Any CPU
	EndGlobalSection
	GlobalSection(ProjectConfigurationPlatforms) = postSolution
		{9B809126-702B-25FA-6D93-B1F3C51258ED}.Debug|Any CPU.ActiveCfg = Debug|Any CPU
		{9B809126-702B-25FA-6D93-B1F3C51258ED}.Debug|Any CPU.Build.0 = Debug|Any CPU
		{9B809126-702B-25FA-6D93-B1F3C51258ED}.Release|Any CPU.ActiveCfg = Release|Any CPU
		{9B809126-702B-25FA-6D93-B1F3C51258ED}.Release|Any CPU.Build.0 = Release|Any CPU
	EndGlobalSection
	GlobalSection(SolutionProperties) = preSolution
		HideSolutionNode = FALSE
	EndGlobalSection
	GlobalSection(ExtensibilityGlobals) = postSolution
		SolutionGuid = {ECBBD322-921C-4B1E-A962-9A5931910B75}
	EndGlobalSection
EndGlobal
